
Microsoft Visual Studio Solution File, Format Version 12.00
# Visual Studio Version 17
VisualStudioVersion = 17.0.31903.59
MinimumVisualStudioVersion = 10.0.40219.1
Project("{2150E333-8FDC-42A3-9474-1A3956D46DE8}") = "src", "src", "{8AB4F717-C2C9-435D-AC9F-C7FA7A17CECA}"
EndProject
Project("{FAE04EC0-301F-11D3-BF4B-00C04F79EFBC}") = "Colosoft.UnitOfWork", "src\Colosoft.UnitOfWork\Colosoft.UnitOfWork.csproj", "{80471658-68B5-4107-B5DF-E17E9E7B14A9}"
EndProject
Global
	GlobalSection(SolutionConfigurationPlatforms) = preSolution
		Debug|Any CPU = Debug|Any CPU
		Release|Any CPU = Release|Any CPU
	EndGlobalSection
	GlobalSection(ProjectConfigurationPlatforms) = postSolution
		{80471658-68B5-4107-B5DF-E17E9E7B14A9}.Debug|Any CPU.ActiveCfg = Debug|Any CPU
		{80471658-68B5-4107-B5DF-E17E9E7B14A9}.Debug|Any CPU.Build.0 = Debug|Any CPU
		{80471658-68B5-4107-B5DF-E17E9E7B14A9}.Release|Any CPU.ActiveCfg = Release|Any CPU
		{80471658-68B5-4107-B5DF-E17E9E7B14A9}.Release|Any CPU.Build.0 = Release|Any CPU
	EndGlobalSection
	GlobalSection(SolutionProperties) = preSolution
		HideSolutionNode = FALSE
	EndGlobalSection
	GlobalSection(NestedProjects) = preSolution
		{80471658-68B5-4107-B5DF-E17E9E7B14A9} = {8AB4F717-C2C9-435D-AC9F-C7FA7A17CECA}
	EndGlobalSection
EndGlobal
